
Microsoft Visual Studio Solution File, Format Version 12.00
# Visual Studio Version 17
VisualStudioVersion = 17.14.36301.6 d17.14
MinimumVisualStudioVersion = 10.0.40219.1
Project("{FAE04EC0-301F-11D3-BF4B-00C04F79EFBC}") = "webapp", "webapp\webapp.csproj", "{5118C449-0B2F-41E0-97AA-BF2530240B23}"
EndProject
Global
	GlobalSection(SolutionConfigurationPlatforms) = preSolution
		Debug|Any CPU = Debug|Any CPU
		Release|Any CPU = Release|Any CPU
	EndGlobalSection
	GlobalSection(ProjectConfigurationPlatforms) = postSolution
		{5118C449-0B2F-41E0-97AA-BF2530240B23}.Debug|Any CPU.ActiveCfg = Debug|Any CPU
		{5118C449-0B2F-41E0-97AA-BF2530240B23}.Debug|Any CPU.Build.0 = Debug|Any CPU
		{5118C449-0B2F-41E0-97AA-BF2530240B23}.Release|Any CPU.ActiveCfg = Release|Any CPU
		{5118C449-0B2F-41E0-97AA-BF2530240B23}.Release|Any CPU.Build.0 = Release|Any CPU
	EndGlobalSection
	GlobalSection(SolutionProperties) = preSolution
		HideSolutionNode = FALSE
	EndGlobalSection
	GlobalSection(ExtensibilityGlobals) = postSolution
		SolutionGuid = {EFC4B5B7-778E-4D61-A9A7-20F8A0C61D3D}
	EndGlobalSection
EndGlobal
